// !$*UTF8*$!
{
	archiveVersion = 1;
	classes = {
	};
	objectVersion = 56;
	objects = {

/* Begin PBXBuildFile section */
		C4E0FCA32BF73F5200D1EE1E /* AppDelegate.swift in Sources */ = {isa = PBXBuildFile; fileRef = C4E0FCA22BF73F5200D1EE1E /* AppDelegate.swift */; };
		C4E0FCA52BF73F5200D1EE1E /* SceneDelegate.swift in Sources */ = {isa = PBXBuildFile; fileRef = C4E0FCA42BF73F5200D1EE1E /* SceneDelegate.swift */; };
		C4E0FCA72BF73F5200D1EE1E /* ViewController.swift in Sources */ = {isa = PBXBuildFile; fileRef = C4E0FCA62BF73F5200D1EE1E /* ViewController.swift */; };
		C4E0FCAA2BF73F5200D1EE1E /* Base in Resources */ = {isa = PBXBuildFile; fileRef = C4E0FCA92BF73F5200D1EE1E /* Base */; };
		C4E0FCAC2BF73F5300D1EE1E /* Assets.xcassets in Resources */ = {isa = PBXBuildFile; fileRef = C4E0FCAB2BF73F5300D1EE1E /* Assets.xcassets */; };
		C4E0FCAF2BF73F5300D1EE1E /* Base in Resources */ = {isa = PBXBuildFile; fileRef = C4E0FCAE2BF73F5300D1EE1E /* Base */; };
		C4E0FCBA2BF742B800D1EE1E /* MainViewController.swift in Sources */ = {isa = PBXBuildFile; fileRef = C4E0FCB92BF742B800D1EE1E /* MainViewController.swift */; };
/* End PBXBuildFile section */

/* Begin PBXFileReference section */
		C4E0FC9F2BF73F5200D1EE1E /* daily-03-emotion-diary.app */ = {isa = PBXFileReference; explicitFileType = wrapper.application; includeInIndex = 0; path = "daily-03-emotion-diary.app"; sourceTree = BUILT_PRODUCTS_DIR; };
		C4E0FCA22BF73F5200D1EE1E /* AppDelegate.swift */ = {isa = PBXFileReference; lastKnownFileType = sourcecode.swift; path = AppDelegate.swift; sourceTree = "<group>"; };
		C4E0FCA42BF73F5200D1EE1E /* SceneDelegate.swift */ = {isa = PBXFileReference; lastKnownFileType = sourcecode.swift; path = SceneDelegate.swift; sourceTree = "<group>"; };
		C4E0FCA62BF73F5200D1EE1E /* ViewController.swift */ = {isa = PBXFileReference; lastKnownFileType = sourcecode.swift; path = ViewController.swift; sourceTree = "<group>"; };
		C4E0FCA92BF73F5200D1EE1E /* Base */ = {isa = PBXFileReference; lastKnownFileType = file.storyboard; name = Base; path = Base.lproj/Main.storyboard; sourceTree = "<group>"; };
		C4E0FCAB2BF73F5300D1EE1E /* Assets.xcassets */ = {isa = PBXFileReference; lastKnownFileType = folder.assetcatalog; path = Assets.xcassets; sourceTree = "<group>"; };
		C4E0FCAE2BF73F5300D1EE1E /* Base */ = {isa = PBXFileReference; lastKnownFileType = file.storyboard; name = Base; path = Base.lproj/LaunchScreen.storyboard; sourceTree = "<group>"; };
		C4E0FCB02BF73F5300D1EE1E /* Info.plist */ = {isa = PBXFileReference; lastKnownFileType = text.plist.xml; path = Info.plist; sourceTree = "<group>"; };
		C4E0FCB92BF742B800D1EE1E /* MainViewController.swift */ = {isa = PBXFileReference; lastKnownFileType = sourcecode.swift; path = MainViewController.swift; sourceTree = "<group>"; };
/* End PBXFileReference section */

/* Begin PBXFrameworksBuildPhase section */
		C4E0FC9C2BF73F5200D1EE1E /* Frameworks */ = {
			isa = PBXFrameworksBuildPhase;
			buildActionMask = 2147483647;
			files = (
			);
			runOnlyForDeploymentPostprocessing = 0;
		};
/* End PBXFrameworksBuildPhase section */

/* Begin PBXGroup section */
		C4E0FC962BF73F5200D1EE1E = {
			isa = PBXGroup;
			children = (
				C4E0FCA12BF73F5200D1EE1E /* daily-03-emotion-diary */,
				C4E0FCA02BF73F5200D1EE1E /* Products */,
			);
			sourceTree = "<group>";
		};
		C4E0FCA02BF73F5200D1EE1E /* Products */ = {
			isa = PBXGroup;
			children = (
				C4E0FC9F2BF73F5200D1EE1E /* daily-03-emotion-diary.app */,
			);
			name = Products;
			sourceTree = "<group>";
		};
		C4E0FCA12BF73F5200D1EE1E /* daily-03-emotion-diary */ = {
			isa = PBXGroup;
			children = (
				C4E0FCA22BF73F5200D1EE1E /* AppDelegate.swift */,
				C4E0FCA42BF73F5200D1EE1E /* SceneDelegate.swift */,
				C4E0FCA62BF73F5200D1EE1E /* ViewController.swift */,
				C4E0FCB92BF742B800D1EE1E /* MainViewController.swift */,
				C4E0FCA82BF73F5200D1EE1E /* Main.storyboard */,
				C4E0FCAB2BF73F5300D1EE1E /* Assets.xcassets */,
				C4E0FCAD2BF73F5300D1EE1E /* LaunchScreen.storyboard */,
				C4E0FCB02BF73F5300D1EE1E /* Info.plist */,
			);
			path = "daily-03-emotion-diary";
			sourceTree = "<group>";
		};
/* End PBXGroup section */

/* Begin PBXNativeTarget section */
		C4E0FC9E2BF73F5200D1EE1E /* daily-03-emotion-diary */ = {
			isa = PBXNativeTarget;
			buildConfigurationList = C4E0FCB32BF73F5300D1EE1E /* Build configuration list for PBXNativeTarget "daily-03-emotion-diary" */;
			buildPhases = (
				C4E0FC9B2BF73F5200D1EE1E /* Sources */,
				C4E0FC9C2BF73F5200D1EE1E /* Frameworks */,
				C4E0FC9D2BF73F5200D1EE1E /* Resources */,
			);
			buildRules = (
			);
			dependencies = (
			);
			name = "daily-03-emotion-diary";
			productName = "daily-03-emotion-diary";
			productReference = C4E0FC9F2BF73F5200D1EE1E /* daily-03-emotion-diary.app */;
			productType = "com.apple.product-type.application";
		};
/* End PBXNativeTarget section */

/* Begin PBXProject section */
		C4E0FC972BF73F5200D1EE1E /* Project object */ = {
			isa = PBXProject;
			attributes = {
				BuildIndependentTargetsInParallel = 1;
				LastSwiftUpdateCheck = 1530;
				LastUpgradeCheck = 1530;
				TargetAttributes = {
					C4E0FC9E2BF73F5200D1EE1E = {
						CreatedOnToolsVersion = 15.3;
					};
				};
			};
			buildConfigurationList = C4E0FC9A2BF73F5200D1EE1E /* Build configuration list for PBXProject "daily-03-emotion-diary" */;
			compatibilityVersion = "Xcode 14.0";
			developmentRegion = en;
			hasScannedForEncodings = 0;
			knownRegions = (
				en,
				Base,
			);
			mainGroup = C4E0FC962BF73F5200D1EE1E;
			productRefGroup = C4E0FCA02BF73F5200D1EE1E /* Products */;
			projectDirPath = "";
			projectRoot = "";
			targets = (
				C4E0FC9E2BF73F5200D1EE1E /* daily-03-emotion-diary */,
			);
		};
/* End PBXProject section */

/* Begin PBXResourcesBuildPhase section */
		C4E0FC9D2BF73F5200D1EE1E /* Resources */ = {
			isa = PBXResourcesBuildPhase;
			buildActionMask = 2147483647;
			files = (
				C4E0FCAC2BF73F5300D1EE1E /* Assets.xcassets in Resources */,
				C4E0FCAF2BF73F5300D1EE1E /* Base in Resources */,
				C4E0FCAA2BF73F5200D1EE1E /* Base in Resources */,
			);
			runOnlyForDeploymentPostprocessing = 0;
		};
/* End PBXResourcesBuildPhase section */

/* Begin PBXSourcesBuildPhase section */
		C4E0FC9B2BF73F5200D1EE1E /* Sources */ = {
			isa = PBXSourcesBuildPhase;
			buildActionMask = 2147483647;
			files = (
				C4E0FCA72BF73F5200D1EE1E /* ViewController.swift in Sources */,
				C4E0FCA32BF73F5200D1EE1E /* AppDelegate.swift in Sources */,
				C4E0FCA52BF73F5200D1EE1E /* SceneDelegate.swift in Sources */,
				C4E0FCBA2BF742B800D1EE1E /* MainViewController.swift in Sources */,
			);
			runOnlyForDeploymentPostprocessing = 0;
		};
/* End PBXSourcesBuildPhase section */

/* Begin PBXVariantGroup section */
		C4E0FCA82BF73F5200D1EE1E /* Main.storyboard */ = {
			isa = PBXVariantGroup;
			children = (
				C4E0FCA92BF73F5200D1EE1E /* Base */,
			);
			name = Main.storyboard;
			sourceTree = "<group>";
		};
		C4E0FCAD2BF73F5300D1EE1E /* LaunchScreen.storyboard */ = {
			isa = PBXVariantGroup;
			children = (
				C4E0FCAE2BF73F5300D1EE1E /* Base */,
			);
			name = LaunchScreen.storyboard;
			sourceTree = "<group>";
		};
/* End PBXVariantGroup section */

/* Begin XCBuildConfiguration section */
		C4E0FCB12BF73F5300D1EE1E /* Debug */ = {
			isa = XCBuildConfiguration;
			buildSettings = {
				ALWAYS_SEARCH_USER_PATHS = NO;
				ASSETCATALOG_COMPILER_GENERATE_SWIFT_ASSET_SYMBOL_EXTENSIONS = YES;
				CLANG_ANALYZER_NONNULL = YES;
				CLANG_ANALYZER_NUMBER_OBJECT_CONVERSION = YES_AGGRESSIVE;
				CLANG_CXX_LANGUAGE_STANDARD = "gnu++20";
				CLANG_ENABLE_MODULES = YES;
				CLANG_ENABLE_OBJC_ARC = YES;
				CLANG_ENABLE_OBJC_WEAK = YES;
				CLANG_WARN_BLOCK_CAPTURE_AUTORELEASING = YES;
				CLANG_WARN_BOOL_CONVERSION = YES;
				CLANG_WARN_COMMA = YES;
				CLANG_WARN_CONSTANT_CONVERSION = YES;
				CLANG_WARN_DEPRECATED_OBJC_IMPLEMENTATIONS = YES;
				CLANG_WARN_DIRECT_OBJC_ISA_USAGE = YES_ERROR;
				CLANG_WARN_DOCUMENTATION_COMMENTS = YES;
				CLANG_WARN_EMPTY_BODY = YES;
				CLANG_WARN_ENUM_CONVERSION = YES;
				CLANG_WARN_INFINITE_RECURSION = YES;
				CLANG_WARN_INT_CONVERSION = YES;
				CLANG_WARN_NON_LITERAL_NULL_CONVERSION = YES;
				CLANG_WARN_OBJC_IMPLICIT_RETAIN_SELF = YES;
				CLANG_WARN_OBJC_LITERAL_CONVERSION = YES;
				CLANG_WARN_OBJC_ROOT_CLASS = YES_ERROR;
				CLANG_WARN_QUOTED_INCLUDE_IN_FRAMEWORK_HEADER = YES;
				CLANG_WARN_RANGE_LOOP_ANALYSIS = YES;
				CLANG_WARN_STRICT_PROTOTYPES = YES;
				CLANG_WARN_SUSPICIOUS_MOVE = YES;
				CLANG_WARN_UNGUARDED_AVAILABILITY = YES_AGGRESSIVE;
				CLANG_WARN_UNREACHABLE_CODE = YES;
				CLANG_WARN__DUPLICATE_METHOD_MATCH = YES;
				COPY_PHASE_STRIP = NO;
				DEBUG_INFORMATION_FORMAT = dwarf;
				ENABLE_STRICT_OBJC_MSGSEND = YES;
				ENABLE_TESTABILITY = YES;
				ENABLE_USER_SCRIPT_SANDBOXING = YES;
				GCC_C_LANGUAGE_STANDARD = gnu17;
				GCC_DYNAMIC_NO_PIC = NO;
				GCC_NO_COMMON_BLOCKS = YES;
				GCC_OPTIMIZATION_LEVEL = 0;
				GCC_PREPROCESSOR_DEFINITIONS = (
					"DEBUG=1",
					"$(inherited)",
				);
				GCC_WARN_64_TO_32_BIT_CONVERSION = YES;
				GCC_WARN_ABOUT_RETURN_TYPE = YES_ERROR;
				GCC_WARN_UNDECLARED_SELECTOR = YES;
				GCC_WARN_UNINITIALIZED_AUTOS = YES_AGGRESSIVE;
				GCC_WARN_UNUSED_FUNCTION = YES;
				GCC_WARN_UNUSED_VARIABLE = YES;
				IPHONEOS_DEPLOYMENT_TARGET = 17.4;
				LOCALIZATION_PREFERS_STRING_CATALOGS = YES;
				MTL_ENABLE_DEBUG_INFO = INCLUDE_SOURCE;
				MTL_FAST_MATH = YES;
				ONLY_ACTIVE_ARCH = YES;
				SDKROOT = iphoneos;
				SWIFT_ACTIVE_COMPILATION_CONDITIONS = "DEBUG $(inherited)";
				SWIFT_OPTIMIZATION_LEVEL = "-Onone";
			};
			name = Debug;
		};
		C4E0FCB22BF73F5300D1EE1E /* Release */ = {
			isa = XCBuildConfiguration;
			buildSettings = {
				ALWAYS_SEARCH_USER_PATHS = NO;
				ASSETCATALOG_COMPILER_GENERATE_SWIFT_ASSET_SYMBOL_EXTENSIONS = YES;
				CLANG_ANALYZER_NONNULL = YES;
				CLANG_ANALYZER_NUMBER_OBJECT_CONVERSION = YES_AGGRESSIVE;
				CLANG_CXX_LANGUAGE_STANDARD = "gnu++20";
				CLANG_ENABLE_MODULES = YES;
				CLANG_ENABLE_OBJC_ARC = YES;
				CLANG_ENABLE_OBJC_WEAK = YES;
				CLANG_WARN_BLOCK_CAPTURE_AUTORELEASING = YES;
				CLANG_WARN_BOOL_CONVERSION = YES;
				CLANG_WARN_COMMA = YES;
				CLANG_WARN_CONSTANT_CONVERSION = YES;
				CLANG_WARN_DEPRECATED_OBJC_IMPLEMENTATIONS = YES;
				CLANG_WARN_DIRECT_OBJC_ISA_USAGE = YES_ERROR;
				CLANG_WARN_DOCUMENTATION_COMMENTS = YES;
				CLANG_WARN_EMPTY_BODY = YES;
				CLANG_WARN_ENUM_CONVERSION = YES;
				CLANG_WARN_INFINITE_RECURSION = YES;
				CLANG_WARN_INT_CONVERSION = YES;
				CLANG_WARN_NON_LITERAL_NULL_CONVERSION = YES;
				CLANG_WARN_OBJC_IMPLICIT_RETAIN_SELF = YES;
				CLANG_WARN_OBJC_LITERAL_CONVERSION = YES;
				CLANG_WARN_OBJC_ROOT_CLASS = YES_ERROR;
				CLANG_WARN_QUOTED_INCLUDE_IN_FRAMEWORK_HEADER = YES;
				CLANG_WARN_RANGE_LOOP_ANALYSIS = YES;
				CLANG_WARN_STRICT_PROTOTYPES = YES;
				CLANG_WARN_SUSPICIOUS_MOVE = YES;
				CLANG_WARN_UNGUARDED_AVAILABILITY = YES_AGGRESSIVE;
				CLANG_WARN_UNREACHABLE_CODE = YES;
				CLANG_WARN__DUPLICATE_METHOD_MATCH = YES;
				COPY_PHASE_STRIP = NO;
				DEBUG_INFORMATION_FORMAT = "dwarf-with-dsym";
				ENABLE_NS_ASSERTIONS = NO;
				ENABLE_STRICT_OBJC_MSGSEND = YES;
				ENABLE_USER_SCRIPT_SANDBOXING = YES;
				GCC_C_LANGUAGE_STANDARD = gnu17;
				GCC_NO_COMMON_BLOCKS = YES;
				GCC_WARN_64_TO_32_BIT_CONVERSION = YES;
				GCC_WARN_ABOUT_RETURN_TYPE = YES_ERROR;
				GCC_WARN_UNDECLARED_SELECTOR = YES;
				GCC_WARN_UNINITIALIZED_AUTOS = YES_AGGRESSIVE;
				GCC_WARN_UNUSED_FUNCTION = YES;
				GCC_WARN_UNUSED_VARIABLE = YES;
				IPHONEOS_DEPLOYMENT_TARGET = 17.4;
				LOCALIZATION_PREFERS_STRING_CATALOGS = YES;
				MTL_ENABLE_DEBUG_INFO = NO;
				MTL_FAST_MATH = YES;
				SDKROOT = iphoneos;
				SWIFT_COMPILATION_MODE = wholemodule;
				VALIDATE_PRODUCT = YES;
			};
			name = Release;
		};
		C4E0FCB42BF73F5300D1EE1E /* Debug */ = {
			isa = XCBuildConfiguration;
			buildSettings = {
				ASSETCATALOG_COMPILER_APPICON_NAME = AppIcon;
				ASSETCATALOG_COMPILER_GLOBAL_ACCENT_COLOR_NAME = AccentColor;
				CODE_SIGN_STYLE = Automatic;
				CURRENT_PROJECT_VERSION = 1;
				DEVELOPMENT_TEAM = "";
				GENERATE_INFOPLIST_FILE = YES;
				INFOPLIST_FILE = "daily-03-emotion-diary/Info.plist";
				INFOPLIST_KEY_CFBundleDisplayName = "Emotion Diary";
				INFOPLIST_KEY_UIApplicationSupportsIndirectInputEvents = YES;
				INFOPLIST_KEY_UILaunchStoryboardName = LaunchScreen;
				INFOPLIST_KEY_UIMainStoryboardFile = Main;
				INFOPLIST_KEY_UISupportedInterfaceOrientations = UIInterfaceOrientationPortrait;
				INFOPLIST_KEY_UISupportedInterfaceOrientations_iPad = "UIInterfaceOrientationLandscapeLeft UIInterfaceOrientationLandscapeRight UIInterfaceOrientationPortrait UIInterfaceOrientationPortraitUpsideDown";
				IPHONEOS_DEPLOYMENT_TARGET = 16.0;
				LD_RUNPATH_SEARCH_PATHS = (
					"$(inherited)",
					"@executable_path/Frameworks",
				);
				MARKETING_VERSION = 1.0;
				PRODUCT_BUNDLE_IDENTIFIER = "sesac.daily-03-emotion-diary";
				PRODUCT_NAME = "$(TARGET_NAME)";
				SUPPORTED_PLATFORMS = "iphoneos iphonesimulator";
				SUPPORTS_MACCATALYST = NO;
				SUPPORTS_MAC_DESIGNED_FOR_IPHONE_IPAD = NO;
				SUPPORTS_XR_DESIGNED_FOR_IPHONE_IPAD = NO;
				SWIFT_EMIT_LOC_STRINGS = YES;
				SWIFT_VERSION = 5.0;
				TARGETED_DEVICE_FAMILY = 1;
			};
			name = Debug;
		};
		C4E0FCB52BF73F5300D1EE1E /* Release */ = {
			isa = XCBuildConfiguration;
			buildSettings = {
				ASSETCATALOG_COMPILER_APPICON_NAME = AppIcon;
				ASSETCATALOG_COMPILER_GLOBAL_ACCENT_COLOR_NAME = AccentColor;
				CODE_SIGN_STYLE = Automatic;
				CURRENT_PROJECT_VERSION = 1;
				DEVELOPMENT_TEAM = "";
				GENERATE_INFOPLIST_FILE = YES;
				INFOPLIST_FILE = "daily-03-emotion-diary/Info.plist";
				INFOPLIST_KEY_CFBundleDisplayName = "Emotion Diary";
				INFOPLIST_KEY_UIApplicationSupportsIndirectInputEvents = YES;
				INFOPLIST_KEY_UILaunchStoryboardName = LaunchScreen;
				INFOPLIST_KEY_UIMainStoryboardFile = Main;
				INFOPLIST_KEY_UISupportedInterfaceOrientations = UIInterfaceOrientationPortrait;
				INFOPLIST_KEY_UISupportedInterfaceOrientations_iPad = "UIInterfaceOrientationLandscapeLeft UIInterfaceOrientationLandscapeRight UIInterfaceOrientationPortrait UIInterfaceOrientationPortraitUpsideDown";
				IPHONEOS_DEPLOYMENT_TARGET = 16.0;
				LD_RUNPATH_SEARCH_PATHS = (
					"$(inherited)",
					"@executable_path/Frameworks",
				);
				MARKETING_VERSION = 1.0;
				PRODUCT_BUNDLE_IDENTIFIER = "sesac.daily-03-emotion-diary";
				PRODUCT_NAME = "$(TARGET_NAME)";
				SUPPORTED_PLATFORMS = "iphoneos iphonesimulator";
				SUPPORTS_MACCATALYST = NO;
				SUPPORTS_MAC_DESIGNED_FOR_IPHONE_IPAD = NO;
				SUPPORTS_XR_DESIGNED_FOR_IPHONE_IPAD = NO;
				SWIFT_EMIT_LOC_STRINGS = YES;
				SWIFT_VERSION = 5.0;
				TARGETED_DEVICE_FAMILY = 1;
			};
			name = Release;
		};
/* End XCBuildConfiguration section */

/* Begin XCConfigurationList section */
		C4E0FC9A2BF73F5200D1EE1E /* Build configuration list for PBXProject "daily-03-emotion-diary" */ = {
			isa = XCConfigurationList;
			buildConfigurations = (
				C4E0FCB12BF73F5300D1EE1E /* Debug */,
				C4E0FCB22BF73F5300D1EE1E /* Release */,
			);
			defaultConfigurationIsVisible = 0;
			defaultConfigurationName = Release;
		};
		C4E0FCB32BF73F5300D1EE1E /* Build configuration list for PBXNativeTarget "daily-03-emotion-diary" */ = {
			isa = XCConfigurationList;
			buildConfigurations = (
				C4E0FCB42BF73F5300D1EE1E /* Debug */,
				C4E0FCB52BF73F5300D1EE1E /* Release */,
			);
			defaultConfigurationIsVisible = 0;
			defaultConfigurationName = Release;
		};
/* End XCConfigurationList section */
	};
	rootObject = C4E0FC972BF73F5200D1EE1E /* Project object */;
}
